
Microsoft Visual Studio Solution File, Format Version 12.00
# Visual Studio 15
VisualStudioVersion = 15.0.26730.16
MinimumVisualStudioVersion = 10.0.40219.1
Project("{9A19103F-16F7-4668-BE54-9A1E7A4F7556}") = "Discrete", "Discrete\Discrete.csproj", "{15CB5F9B-EB44-48B7-B544-4AC969420CC2}"
EndProject
Project("{2150E333-8FDC-42A3-9474-1A3956D46DE8}") = "src", "src", "{4759E75D-845D-42AF-8B35-73C4ED497317}"
EndProject
Project("{2150E333-8FDC-42A3-9474-1A3956D46DE8}") = "test", "test", "{FED88B19-6E7B-4B76-B4F5-0F03BFB39AAF}"
EndProject
Project("{FAE04EC0-301F-11D3-BF4B-00C04F79EFBC}") = "Probability", "Probability\Probability.csproj", "{C04CE225-343E-4FE1-BB6E-5F6ED83851F9}"
EndProject
Project("{FAE04EC0-301F-11D3-BF4B-00C04F79EFBC}") = "Probability.Tests", "Probability.Tests\Probability.Tests.csproj", "{7B03EFDA-E34F-4A11-B354-5638F08D0A96}"
EndProject
Project("{FAE04EC0-301F-11D3-BF4B-00C04F79EFBC}") = "Discrete.Tests", "Discrete.Tests\Discrete.Tests.csproj", "{8CCE876A-49D5-4451-B5AD-B8AB17D5A5A0}"
EndProject
Global
	GlobalSection(SolutionConfigurationPlatforms) = preSolution
		Debug|Any CPU = Debug|Any CPU
		Release|Any CPU = Release|Any CPU
	EndGlobalSection
	GlobalSection(ProjectConfigurationPlatforms) = postSolution
		{15CB5F9B-EB44-48B7-B544-4AC969420CC2}.Debug|Any CPU.ActiveCfg = Debug|Any CPU
		{15CB5F9B-EB44-48B7-B544-4AC969420CC2}.Debug|Any CPU.Build.0 = Debug|Any CPU
		{15CB5F9B-EB44-48B7-B544-4AC969420CC2}.Release|Any CPU.ActiveCfg = Release|Any CPU
		{15CB5F9B-EB44-48B7-B544-4AC969420CC2}.Release|Any CPU.Build.0 = Release|Any CPU
		{C04CE225-343E-4FE1-BB6E-5F6ED83851F9}.Debug|Any CPU.ActiveCfg = Debug|Any CPU
		{C04CE225-343E-4FE1-BB6E-5F6ED83851F9}.Debug|Any CPU.Build.0 = Debug|Any CPU
		{C04CE225-343E-4FE1-BB6E-5F6ED83851F9}.Release|Any CPU.ActiveCfg = Release|Any CPU
		{C04CE225-343E-4FE1-BB6E-5F6ED83851F9}.Release|Any CPU.Build.0 = Release|Any CPU
		{7B03EFDA-E34F-4A11-B354-5638F08D0A96}.Debug|Any CPU.ActiveCfg = Debug|Any CPU
		{7B03EFDA-E34F-4A11-B354-5638F08D0A96}.Debug|Any CPU.Build.0 = Debug|Any CPU
		{7B03EFDA-E34F-4A11-B354-5638F08D0A96}.Release|Any CPU.ActiveCfg = Release|Any CPU
		{7B03EFDA-E34F-4A11-B354-5638F08D0A96}.Release|Any CPU.Build.0 = Release|Any CPU
		{8CCE876A-49D5-4451-B5AD-B8AB17D5A5A0}.Debug|Any CPU.ActiveCfg = Debug|Any CPU
		{8CCE876A-49D5-4451-B5AD-B8AB17D5A5A0}.Debug|Any CPU.Build.0 = Debug|Any CPU
		{8CCE876A-49D5-4451-B5AD-B8AB17D5A5A0}.Release|Any CPU.ActiveCfg = Release|Any CPU
		{8CCE876A-49D5-4451-B5AD-B8AB17D5A5A0}.Release|Any CPU.Build.0 = Release|Any CPU
	EndGlobalSection
	GlobalSection(SolutionProperties) = preSolution
		HideSolutionNode = FALSE
	EndGlobalSection
	GlobalSection(NestedProjects) = preSolution
		{15CB5F9B-EB44-48B7-B544-4AC969420CC2} = {4759E75D-845D-42AF-8B35-73C4ED497317}
		{C04CE225-343E-4FE1-BB6E-5F6ED83851F9} = {4759E75D-845D-42AF-8B35-73C4ED497317}
		{7B03EFDA-E34F-4A11-B354-5638F08D0A96} = {FED88B19-6E7B-4B76-B4F5-0F03BFB39AAF}
		{8CCE876A-49D5-4451-B5AD-B8AB17D5A5A0} = {FED88B19-6E7B-4B76-B4F5-0F03BFB39AAF}
	EndGlobalSection
	GlobalSection(ExtensibilityGlobals) = postSolution
		SolutionGuid = {E816F706-A597-4B36-AEBA-4BC367415651}
	EndGlobalSection
EndGlobal
